<Solution>
  <Project Path="Defaults/Defaults.csproj" />
  <Project Path="Formatting/Formatting.csproj" />
  <Project Path="Information/Information.csproj" />
  <Project Path="Storing-Any-Type-Of-Object/Storing-Any-Type-Of-Object.csproj" />
  <Project Path="Storing-Booleans/Storing-Booleans.csproj" />
  <Project Path="Storing-Dynamic-Types/Storing-Dynamic-Types.csproj" />
  <Project Path="Storing-Multiple-Values-In-An-Array/Storing-Multiple-Values-In-An-Array.csproj" />
  <Project Path="Storing-Numbers/Storing-Numbers.csproj" />
  <Project Path="Storing-Text/Storing-Text.csproj" />
  <Project Path="Variables/Variables.csproj" />
  <Project Path="Vocabulary/Vocabulary.csproj" />
</Solution>
